
Microsoft Visual Studio Solution File, Format Version 12.00
# Visual Studio Version 16
VisualStudioVersion = 16.0.31729.503
MinimumVisualStudioVersion = 10.0.40219.1
Project("{FAE04EC0-301F-11D3-BF4B-00C04F79EFBC}") = "Алгоритмы.  Ур. 3 Дистанция, бенчмарк", "Алгоритмы.  Ур. 3 Дистанция, бенчмарк\Алгоритмы.  Ур. 3 Дистанция, бенчмарк.csproj", "{31D45434-725A-445A-9E25-CDAECA194467}"
EndProject
Global
	GlobalSection(SolutionConfigurationPlatforms) = preSolution
		Debug|Any CPU = Debug|Any CPU
		Release|Any CPU = Release|Any CPU
	EndGlobalSection
	GlobalSection(ProjectConfigurationPlatforms) = postSolution
		{31D45434-725A-445A-9E25-CDAECA194467}.Debug|Any CPU.ActiveCfg = Debug|Any CPU
		{31D45434-725A-445A-9E25-CDAECA194467}.Debug|Any CPU.Build.0 = Debug|Any CPU
		{31D45434-725A-445A-9E25-CDAECA194467}.Release|Any CPU.ActiveCfg = Release|Any CPU
		{31D45434-725A-445A-9E25-CDAECA194467}.Release|Any CPU.Build.0 = Release|Any CPU
	EndGlobalSection
	GlobalSection(SolutionProperties) = preSolution
		HideSolutionNode = FALSE
	EndGlobalSection
	GlobalSection(ExtensibilityGlobals) = postSolution
		SolutionGuid = {F4627015-AF83-49D0-AC1A-A5541E0E8CD3}
	EndGlobalSection
EndGlobal
