
Microsoft Visual Studio Solution File, Format Version 12.00
# Visual Studio Version 16
VisualStudioVersion = 16.0.31729.503
MinimumVisualStudioVersion = 10.0.40219.1
Project("{FAE04EC0-301F-11D3-BF4B-00C04F79EFBC}") = "Алгоритмы. Ур. 2 Двусвязный список", "Алгоритмы. Ур. 2 Двусвязный список\Алгоритмы. Ур. 2 Двусвязный список.csproj", "{7A398730-80A1-4581-BB51-8B9816BC0AAD}"
EndProject
Global
	GlobalSection(SolutionConfigurationPlatforms) = preSolution
		Debug|Any CPU = Debug|Any CPU
		Release|Any CPU = Release|Any CPU
	EndGlobalSection
	GlobalSection(ProjectConfigurationPlatforms) = postSolution
		{7A398730-80A1-4581-BB51-8B9816BC0AAD}.Debug|Any CPU.ActiveCfg = Debug|Any CPU
		{7A398730-80A1-4581-BB51-8B9816BC0AAD}.Debug|Any CPU.Build.0 = Debug|Any CPU
		{7A398730-80A1-4581-BB51-8B9816BC0AAD}.Release|Any CPU.ActiveCfg = Release|Any CPU
		{7A398730-80A1-4581-BB51-8B9816BC0AAD}.Release|Any CPU.Build.0 = Release|Any CPU
	EndGlobalSection
	GlobalSection(SolutionProperties) = preSolution
		HideSolutionNode = FALSE
	EndGlobalSection
	GlobalSection(ExtensibilityGlobals) = postSolution
		SolutionGuid = {A6E3D924-376B-41AA-8EAE-644156E8C8BD}
	EndGlobalSection
EndGlobal
