
Microsoft Visual Studio Solution File, Format Version 12.00
# Visual Studio Version 17
VisualStudioVersion = 17.0.31912.275
MinimumVisualStudioVersion = 10.0.40219.1
Project("{FAE04EC0-301F-11D3-BF4B-00C04F79EFBC}") = "Graph2.0", "Graph2.0\Graph2.0.csproj", "{515CBE90-5E7D-46CF-B2C2-0504060369E1}"
EndProject
Global
	GlobalSection(SolutionConfigurationPlatforms) = preSolution
		Debug|Any CPU = Debug|Any CPU
		Release|Any CPU = Release|Any CPU
	EndGlobalSection
	GlobalSection(ProjectConfigurationPlatforms) = postSolution
		{515CBE90-5E7D-46CF-B2C2-0504060369E1}.Debug|Any CPU.ActiveCfg = Debug|Any CPU
		{515CBE90-5E7D-46CF-B2C2-0504060369E1}.Debug|Any CPU.Build.0 = Debug|Any CPU
		{515CBE90-5E7D-46CF-B2C2-0504060369E1}.Release|Any CPU.ActiveCfg = Release|Any CPU
		{515CBE90-5E7D-46CF-B2C2-0504060369E1}.Release|Any CPU.Build.0 = Release|Any CPU
	EndGlobalSection
	GlobalSection(SolutionProperties) = preSolution
		HideSolutionNode = FALSE
	EndGlobalSection
	GlobalSection(ExtensibilityGlobals) = postSolution
		SolutionGuid = {1FBB75EE-0404-45E6-BB6F-5005A8682E6E}
	EndGlobalSection
EndGlobal
