
Microsoft Visual Studio Solution File, Format Version 12.00
# Visual Studio Version 16
VisualStudioVersion = 16.0.31729.503
MinimumVisualStudioVersion = 10.0.40219.1
Project("{FAE04EC0-301F-11D3-BF4B-00C04F79EFBC}") = "Algorithms. Block-diagram", "Algorithms. Block-diagram\Algorithms. Block-diagram.csproj", "{F4B3B1D0-81E4-4794-AD35-17A354F0A236}"
EndProject
Global
	GlobalSection(SolutionConfigurationPlatforms) = preSolution
		Debug|Any CPU = Debug|Any CPU
		Release|Any CPU = Release|Any CPU
	EndGlobalSection
	GlobalSection(ProjectConfigurationPlatforms) = postSolution
		{F4B3B1D0-81E4-4794-AD35-17A354F0A236}.Debug|Any CPU.ActiveCfg = Debug|Any CPU
		{F4B3B1D0-81E4-4794-AD35-17A354F0A236}.Debug|Any CPU.Build.0 = Debug|Any CPU
		{F4B3B1D0-81E4-4794-AD35-17A354F0A236}.Release|Any CPU.ActiveCfg = Release|Any CPU
		{F4B3B1D0-81E4-4794-AD35-17A354F0A236}.Release|Any CPU.Build.0 = Release|Any CPU
	EndGlobalSection
	GlobalSection(SolutionProperties) = preSolution
		HideSolutionNode = FALSE
	EndGlobalSection
	GlobalSection(ExtensibilityGlobals) = postSolution
		SolutionGuid = {9334491B-04DA-4E6A-9C06-0929A7D4C130}
	EndGlobalSection
EndGlobal
