
Microsoft Visual Studio Solution File, Format Version 12.00
# Visual Studio Version 16
VisualStudioVersion = 16.0.31729.503
MinimumVisualStudioVersion = 10.0.40219.1
Project("{FAE04EC0-301F-11D3-BF4B-00C04F79EFBC}") = "Алгоритмы. Ур 2. Бинарный поиск", "Алгоритмы. Ур 2. Бинарный поиск\Алгоритмы. Ур 2. Бинарный поиск.csproj", "{A94929C6-4898-468C-A61F-9D5608F9A2F9}"
EndProject
Global
	GlobalSection(SolutionConfigurationPlatforms) = preSolution
		Debug|Any CPU = Debug|Any CPU
		Release|Any CPU = Release|Any CPU
	EndGlobalSection
	GlobalSection(ProjectConfigurationPlatforms) = postSolution
		{A94929C6-4898-468C-A61F-9D5608F9A2F9}.Debug|Any CPU.ActiveCfg = Debug|Any CPU
		{A94929C6-4898-468C-A61F-9D5608F9A2F9}.Debug|Any CPU.Build.0 = Debug|Any CPU
		{A94929C6-4898-468C-A61F-9D5608F9A2F9}.Release|Any CPU.ActiveCfg = Release|Any CPU
		{A94929C6-4898-468C-A61F-9D5608F9A2F9}.Release|Any CPU.Build.0 = Release|Any CPU
	EndGlobalSection
	GlobalSection(SolutionProperties) = preSolution
		HideSolutionNode = FALSE
	EndGlobalSection
	GlobalSection(ExtensibilityGlobals) = postSolution
		SolutionGuid = {C596EE12-BC6A-47D9-9D9A-F1FE2D327F4E}
	EndGlobalSection
EndGlobal
