
Microsoft Visual Studio Solution File, Format Version 12.00
# Visual Studio Version 16
VisualStudioVersion = 16.0.31729.503
MinimumVisualStudioVersion = 10.0.40219.1
Project("{FAE04EC0-301F-11D3-BF4B-00C04F79EFBC}") = "BinaryTree", "BinaryTree\BinaryTree.csproj", "{E0352FF9-363F-45CF-BAA8-C5E1346F9040}"
EndProject
Global
	GlobalSection(SolutionConfigurationPlatforms) = preSolution
		Debug|Any CPU = Debug|Any CPU
		Release|Any CPU = Release|Any CPU
	EndGlobalSection
	GlobalSection(ProjectConfigurationPlatforms) = postSolution
		{E0352FF9-363F-45CF-BAA8-C5E1346F9040}.Debug|Any CPU.ActiveCfg = Debug|Any CPU
		{E0352FF9-363F-45CF-BAA8-C5E1346F9040}.Debug|Any CPU.Build.0 = Debug|Any CPU
		{E0352FF9-363F-45CF-BAA8-C5E1346F9040}.Release|Any CPU.ActiveCfg = Release|Any CPU
		{E0352FF9-363F-45CF-BAA8-C5E1346F9040}.Release|Any CPU.Build.0 = Release|Any CPU
	EndGlobalSection
	GlobalSection(SolutionProperties) = preSolution
		HideSolutionNode = FALSE
	EndGlobalSection
	GlobalSection(ExtensibilityGlobals) = postSolution
		SolutionGuid = {FB5816FA-F684-4B99-A983-1E0B34B3BC34}
	EndGlobalSection
EndGlobal
