
Microsoft Visual Studio Solution File, Format Version 12.00
# Visual Studio Version 17
VisualStudioVersion = 17.0.31912.275
MinimumVisualStudioVersion = 10.0.40219.1
Project("{FAE04EC0-301F-11D3-BF4B-00C04F79EFBC}") = "BFS DFS tree", "BFS DFS tree\BFS DFS tree.csproj", "{A7CCD155-46D9-4472-8211-8EFAE41BBAD5}"
EndProject
Global
	GlobalSection(SolutionConfigurationPlatforms) = preSolution
		Debug|Any CPU = Debug|Any CPU
		Release|Any CPU = Release|Any CPU
	EndGlobalSection
	GlobalSection(ProjectConfigurationPlatforms) = postSolution
		{A7CCD155-46D9-4472-8211-8EFAE41BBAD5}.Debug|Any CPU.ActiveCfg = Debug|Any CPU
		{A7CCD155-46D9-4472-8211-8EFAE41BBAD5}.Debug|Any CPU.Build.0 = Debug|Any CPU
		{A7CCD155-46D9-4472-8211-8EFAE41BBAD5}.Release|Any CPU.ActiveCfg = Release|Any CPU
		{A7CCD155-46D9-4472-8211-8EFAE41BBAD5}.Release|Any CPU.Build.0 = Release|Any CPU
	EndGlobalSection
	GlobalSection(SolutionProperties) = preSolution
		HideSolutionNode = FALSE
	EndGlobalSection
	GlobalSection(ExtensibilityGlobals) = postSolution
		SolutionGuid = {B44F30F6-0E4E-4B47-BAB0-1BE47FA8094E}
	EndGlobalSection
EndGlobal
